
Microsoft Visual Studio Solution File, Format Version 12.00
# Visual Studio 15
VisualStudioVersion = 15.0.27703.2026
MinimumVisualStudioVersion = 10.0.40219.1
Project("{FAE04EC0-301F-11D3-BF4B-00C04F79EFBC}") = "WindowsFormsApp9", "WindowsFormsApp9\WindowsFormsApp9.csproj", "{1E89DBE2-F8C7-4662-B63B-3322DFAEAF36}"
EndProject
Global
	GlobalSection(SolutionConfigurationPlatforms) = preSolution
		Debug|Any CPU = Debug|Any CPU
		Release|Any CPU = Release|Any CPU
	EndGlobalSection
	GlobalSection(ProjectConfigurationPlatforms) = postSolution
		{1E89DBE2-F8C7-4662-B63B-3322DFAEAF36}.Debug|Any CPU.ActiveCfg = Debug|Any CPU
		{1E89DBE2-F8C7-4662-B63B-3322DFAEAF36}.Debug|Any CPU.Build.0 = Debug|Any CPU
		{1E89DBE2-F8C7-4662-B63B-3322DFAEAF36}.Release|Any CPU.ActiveCfg = Release|Any CPU
		{1E89DBE2-F8C7-4662-B63B-3322DFAEAF36}.Release|Any CPU.Build.0 = Release|Any CPU
	EndGlobalSection
	GlobalSection(SolutionProperties) = preSolution
		HideSolutionNode = FALSE
	EndGlobalSection
	GlobalSection(ExtensibilityGlobals) = postSolution
		SolutionGuid = {D9A934B8-A53E-489C-86DA-89A5EF0DD947}
	EndGlobalSection
EndGlobal
