
Microsoft Visual Studio Solution File, Format Version 12.00
# Visual Studio 15
VisualStudioVersion = 15.0.27703.2026
MinimumVisualStudioVersion = 10.0.40219.1
Project("{FAE04EC0-301F-11D3-BF4B-00C04F79EFBC}") = "MojaVj2", "MojaVj2\MojaVj2.csproj", "{95DFE44E-59D8-4676-9402-73A51ABA704F}"
EndProject
Global
	GlobalSection(SolutionConfigurationPlatforms) = preSolution
		Debug|Any CPU = Debug|Any CPU
		Release|Any CPU = Release|Any CPU
	EndGlobalSection
	GlobalSection(ProjectConfigurationPlatforms) = postSolution
		{95DFE44E-59D8-4676-9402-73A51ABA704F}.Debug|Any CPU.ActiveCfg = Debug|Any CPU
		{95DFE44E-59D8-4676-9402-73A51ABA704F}.Debug|Any CPU.Build.0 = Debug|Any CPU
		{95DFE44E-59D8-4676-9402-73A51ABA704F}.Release|Any CPU.ActiveCfg = Release|Any CPU
		{95DFE44E-59D8-4676-9402-73A51ABA704F}.Release|Any CPU.Build.0 = Release|Any CPU
	EndGlobalSection
	GlobalSection(SolutionProperties) = preSolution
		HideSolutionNode = FALSE
	EndGlobalSection
	GlobalSection(ExtensibilityGlobals) = postSolution
		SolutionGuid = {E96BAE04-7500-427C-8BCC-9FA886B77884}
	EndGlobalSection
EndGlobal
