
Microsoft Visual Studio Solution File, Format Version 12.00
# Visual Studio 15
VisualStudioVersion = 15.0.27703.2026
MinimumVisualStudioVersion = 10.0.40219.1
Project("{FAE04EC0-301F-11D3-BF4B-00C04F79EFBC}") = "WindowsFormsApp1", "WindowsFormsApp1\WindowsFormsApp1.csproj", "{CC60588F-9F60-4627-BF7B-7C6D4E0675A7}"
EndProject
Global
	GlobalSection(SolutionConfigurationPlatforms) = preSolution
		Debug|Any CPU = Debug|Any CPU
		Release|Any CPU = Release|Any CPU
	EndGlobalSection
	GlobalSection(ProjectConfigurationPlatforms) = postSolution
		{CC60588F-9F60-4627-BF7B-7C6D4E0675A7}.Debug|Any CPU.ActiveCfg = Debug|Any CPU
		{CC60588F-9F60-4627-BF7B-7C6D4E0675A7}.Debug|Any CPU.Build.0 = Debug|Any CPU
		{CC60588F-9F60-4627-BF7B-7C6D4E0675A7}.Release|Any CPU.ActiveCfg = Release|Any CPU
		{CC60588F-9F60-4627-BF7B-7C6D4E0675A7}.Release|Any CPU.Build.0 = Release|Any CPU
	EndGlobalSection
	GlobalSection(SolutionProperties) = preSolution
		HideSolutionNode = FALSE
	EndGlobalSection
	GlobalSection(ExtensibilityGlobals) = postSolution
		SolutionGuid = {425054BE-E99E-46BB-93C1-E6CB958AC34A}
	EndGlobalSection
EndGlobal
